
Microsoft Visual Studio Solution File, Format Version 12.00
# Visual Studio Version 17
VisualStudioVersion = 17.7.34024.191
MinimumVisualStudioVersion = 10.0.40219.1
Project("{FAE04EC0-301F-11D3-BF4B-00C04F79EFBC}") = "TMS_DB", "..\TMS_DB\TMS_DB.csproj", "{46534689-AAAE-48C8-BFCE-5B6155C7EC56}"
EndProject
Project("{FAE04EC0-301F-11D3-BF4B-00C04F79EFBC}") = "TMS_FRONT_END", "..\TMS_FRONT_END\TMS_FRONT_END.csproj", "{75B33499-0C6B-4705-B4E9-01B5F60EB8C4}"
	ProjectSection(ProjectDependencies) = postProject
		{46534689-AAAE-48C8-BFCE-5B6155C7EC56} = {46534689-AAAE-48C8-BFCE-5B6155C7EC56}
	EndProjectSection
EndProject
Global
	GlobalSection(SolutionConfigurationPlatforms) = preSolution
		Debug|Any CPU = Debug|Any CPU
		Release|Any CPU = Release|Any CPU
	EndGlobalSection
	GlobalSection(ProjectConfigurationPlatforms) = postSolution
		{46534689-AAAE-48C8-BFCE-5B6155C7EC56}.Debug|Any CPU.ActiveCfg = Debug|Any CPU
		{46534689-AAAE-48C8-BFCE-5B6155C7EC56}.Debug|Any CPU.Build.0 = Debug|Any CPU
		{46534689-AAAE-48C8-BFCE-5B6155C7EC56}.Release|Any CPU.ActiveCfg = Release|Any CPU
		{46534689-AAAE-48C8-BFCE-5B6155C7EC56}.Release|Any CPU.Build.0 = Release|Any CPU
		{75B33499-0C6B-4705-B4E9-01B5F60EB8C4}.Debug|Any CPU.ActiveCfg = Debug|Any CPU
		{75B33499-0C6B-4705-B4E9-01B5F60EB8C4}.Debug|Any CPU.Build.0 = Debug|Any CPU
		{75B33499-0C6B-4705-B4E9-01B5F60EB8C4}.Release|Any CPU.ActiveCfg = Release|Any CPU
		{75B33499-0C6B-4705-B4E9-01B5F60EB8C4}.Release|Any CPU.Build.0 = Release|Any CPU
	EndGlobalSection
	GlobalSection(SolutionProperties) = preSolution
		HideSolutionNode = FALSE
	EndGlobalSection
	GlobalSection(ExtensibilityGlobals) = postSolution
		SolutionGuid = {CA2CBEAC-4CEC-4808-9DAB-2BA6EDE5D491}
	EndGlobalSection
EndGlobal
